{
  "name": "advertisement-mini-code",
  "lockfileVersion": 3,
  "requires": true,
  "packages": {
    "": {
      "dependencies": {
        "echarts": "^5.6.0",
        "mobx-miniprogram": "^6.12.3",
        "mobx-miniprogram-bindings": "^5.1.1",
        "tdesign-miniprogram": "^1.9.7",
        "wx-request-plus": "^1.0.18"
      }
    },
    "node_modules/echarts": {
      "version": "5.6.0",
      "resolved": "https://registry.npmmirror.com/echarts/-/echarts-5.6.0.tgz",
      "integrity": "sha512-oTbVTsXfKuEhxftHqL5xprgLoc0k7uScAwtryCgWF6hPYFLRwOUHiFmHGCBKP5NPFNkDVopOieyUqYGH8Fa3kA==",
      "dependencies": {
        "tslib": "2.3.0",
        "zrender": "5.6.1"
      }
    },
    "node_modules/lru-cache": {
      "version": "7.18.3",
      "resolved": "https://registry.npmmirror.com/lru-cache/-/lru-cache-7.18.3.tgz",
      "integrity": "sha512-jumlc0BIUrS3qJGgIkWZsyfAM7NCWiBcCDhnd+3NNM5KbBmLTgHVfWBcg6W+rLUsIpzpERPsvwUP7CckAQSOoA==",
      "engines": {
        "node": ">=12"
      }
    },
    "node_modules/miniprogram-api-typings": {
      "version": "4.0.7",
      "resolved": "https://registry.npmmirror.com/miniprogram-api-typings/-/miniprogram-api-typings-4.0.7.tgz",
      "integrity": "sha512-sUxqpA1+JxnDWYjO6ihiLWNJl94WzjlhnDpozfBeC+w8Mpejjsc8JuxyC3Xisimj/gp5OYaJ7nd4fM6wepzhEQ==",
      "peer": true
    },
    "node_modules/mobx-miniprogram": {
      "version": "6.12.3",
      "resolved": "https://registry.npmmirror.com/mobx-miniprogram/-/mobx-miniprogram-6.12.3.tgz",
      "integrity": "sha512-GEq1EG7jZPnrHYV43oppa6jY9lgbNRuGPiXyOFRoluHjd5LIGBf3a+zXMjzO1AVwrFOWvVRazxtzfiRXMUUqZw==",
      "funding": {
        "type": "opencollective",
        "url": "https://opencollective.com/mobx"
      }
    },
    "node_modules/mobx-miniprogram-bindings": {
      "version": "5.1.1",
      "resolved": "https://registry.npmmirror.com/mobx-miniprogram-bindings/-/mobx-miniprogram-bindings-5.1.1.tgz",
      "integrity": "sha512-mWUST+SEkzOlOIaNCh5rlmpNirl+WKOAYifwfRUn8vpWUenCOyfi2Q7Z8bi+ydlAh/L6r1rmtFq8ot5zjeb1Yw==",
      "peerDependencies": {
        "miniprogram-api-typings": "^4.0.1",
        "mobx-miniprogram": "^6.0.0"
      }
    },
    "node_modules/tdesign-miniprogram": {
      "version": "1.9.7",
      "resolved": "https://registry.npmmirror.com/tdesign-miniprogram/-/tdesign-miniprogram-1.9.7.tgz",
      "integrity": "sha512-GB92E09U+AltURrpYRM67SPWVcYZ9rgdYChGcgMLJ8VHUIesSwAhevCuSZgxHt+V1F0iPn0EVZ56d+fgeU6dAw==",
      "license": "MIT"
    },
    "node_modules/tslib": {
      "version": "2.3.0",
      "resolved": "https://registry.npmmirror.com/tslib/-/tslib-2.3.0.tgz",
      "integrity": "sha512-N82ooyxVNm6h1riLCoyS9e3fuJ3AMG2zIZs2Gd1ATcSFjSA23Q0fzjjZeh0jbJvWVDZ0cJT8yaNNaaXHzueNjg=="
    },
    "node_modules/wx-request-plus": {
      "version": "1.0.18",
      "resolved": "https://registry.npmmirror.com/wx-request-plus/-/wx-request-plus-1.0.18.tgz",
      "integrity": "sha512-IMvfjMukQOojU0G/iiITJDFoBHxCDJutcqPgFNWkMuutJN2D6dI26WoDJ01RG81JIVEBlv/MvT2whzHjOBD7gA==",
      "dependencies": {
        "lru-cache": "^7.18.3"
      }
    },
    "node_modules/zrender": {
      "version": "5.6.1",
      "resolved": "https://registry.npmmirror.com/zrender/-/zrender-5.6.1.tgz",
      "integrity": "sha512-OFXkDJKcrlx5su2XbzJvj/34Q3m6PvyCZkVPHGYpcCJ52ek4U/ymZyfuV1nKE23AyBJ51E/6Yr0mhZ7xGTO4ag==",
      "dependencies": {
        "tslib": "2.3.0"
      }
    }
  }
}
